
Microsoft Visual Studio Solution File, Format Version 12.00
# Visual Studio Version 17
VisualStudioVersion = 17.13.35825.156 d17.13
MinimumVisualStudioVersion = 10.0.40219.1
Project("{FAE04EC0-301F-11D3-BF4B-00C04F79EFBC}") = "Generic", "Generic\Generic.csproj", "{797088DC-3D55-4381-83FC-0F68F75042BE}"
EndProject
Global
	GlobalSection(SolutionConfigurationPlatforms) = preSolution
		Debug|Any CPU = Debug|Any CPU
		Release|Any CPU = Release|Any CPU
	EndGlobalSection
	GlobalSection(ProjectConfigurationPlatforms) = postSolution
		{797088DC-3D55-4381-83FC-0F68F75042BE}.Debug|Any CPU.ActiveCfg = Debug|Any CPU
		{797088DC-3D55-4381-83FC-0F68F75042BE}.Debug|Any CPU.Build.0 = Debug|Any CPU
		{797088DC-3D55-4381-83FC-0F68F75042BE}.Release|Any CPU.ActiveCfg = Release|Any CPU
		{797088DC-3D55-4381-83FC-0F68F75042BE}.Release|Any CPU.Build.0 = Release|Any CPU
	EndGlobalSection
	GlobalSection(SolutionProperties) = preSolution
		HideSolutionNode = FALSE
	EndGlobalSection
	GlobalSection(ExtensibilityGlobals) = postSolution
		SolutionGuid = {5AEEEFEE-4E9C-48A8-9622-7431113E2414}
	EndGlobalSection
EndGlobal
