
Microsoft Visual Studio Solution File, Format Version 12.00
# Visual Studio Version 17
VisualStudioVersion = 17.13.35818.85 d17.13
MinimumVisualStudioVersion = 10.0.40219.1
Project("{FAE04EC0-301F-11D3-BF4B-00C04F79EFBC}") = "4ACMD", "4ACMD\4ACMD.csproj", "{FD30ECA5-EBD2-4B52-B8C3-FF8C4F7F0806}"
EndProject
Global
	GlobalSection(SolutionConfigurationPlatforms) = preSolution
		Debug|Any CPU = Debug|Any CPU
		Release|Any CPU = Release|Any CPU
	EndGlobalSection
	GlobalSection(ProjectConfigurationPlatforms) = postSolution
		{FD30ECA5-EBD2-4B52-B8C3-FF8C4F7F0806}.Debug|Any CPU.ActiveCfg = Debug|Any CPU
		{FD30ECA5-EBD2-4B52-B8C3-FF8C4F7F0806}.Debug|Any CPU.Build.0 = Debug|Any CPU
		{FD30ECA5-EBD2-4B52-B8C3-FF8C4F7F0806}.Release|Any CPU.ActiveCfg = Release|Any CPU
		{FD30ECA5-EBD2-4B52-B8C3-FF8C4F7F0806}.Release|Any CPU.Build.0 = Release|Any CPU
	EndGlobalSection
	GlobalSection(SolutionProperties) = preSolution
		HideSolutionNode = FALSE
	EndGlobalSection
	GlobalSection(ExtensibilityGlobals) = postSolution
		SolutionGuid = {DEC88CEC-D7C1-435B-A2A5-342F725D1DE6}
	EndGlobalSection
EndGlobal
