
Microsoft Visual Studio Solution File, Format Version 12.00
# Visual Studio Version 17
VisualStudioVersion = 17.13.35818.85 d17.13
MinimumVisualStudioVersion = 10.0.40219.1
Project("{FAE04EC0-301F-11D3-BF4B-00C04F79EFBC}") = "01.03.2025 Access Modifiers", "01.03.2025 Access Modifiers\01.03.2025 Access Modifiers.csproj", "{35A5FEC7-F62E-4A88-A1BB-BBCB060794C8}"
EndProject
Global
	GlobalSection(SolutionConfigurationPlatforms) = preSolution
		Debug|Any CPU = Debug|Any CPU
		Release|Any CPU = Release|Any CPU
	EndGlobalSection
	GlobalSection(ProjectConfigurationPlatforms) = postSolution
		{35A5FEC7-F62E-4A88-A1BB-BBCB060794C8}.Debug|Any CPU.ActiveCfg = Debug|Any CPU
		{35A5FEC7-F62E-4A88-A1BB-BBCB060794C8}.Debug|Any CPU.Build.0 = Debug|Any CPU
		{35A5FEC7-F62E-4A88-A1BB-BBCB060794C8}.Release|Any CPU.ActiveCfg = Release|Any CPU
		{35A5FEC7-F62E-4A88-A1BB-BBCB060794C8}.Release|Any CPU.Build.0 = Release|Any CPU
	EndGlobalSection
	GlobalSection(SolutionProperties) = preSolution
		HideSolutionNode = FALSE
	EndGlobalSection
	GlobalSection(ExtensibilityGlobals) = postSolution
		SolutionGuid = {C54C7357-A4E2-4BB4-AFC2-02AB4E4007D7}
	EndGlobalSection
EndGlobal
