
Microsoft Visual Studio Solution File, Format Version 12.00
# Visual Studio Version 17
VisualStudioVersion = 17.13.35913.81 d17.13
MinimumVisualStudioVersion = 10.0.40219.1
Project("{FAE04EC0-301F-11D3-BF4B-00C04F79EFBC}") = "ReflectionÖdevi", "ReflectionÖdevi\ReflectionÖdevi.csproj", "{D003B885-0962-4B2C-9E8C-C920D1B903E7}"
EndProject
Global
	GlobalSection(SolutionConfigurationPlatforms) = preSolution
		Debug|Any CPU = Debug|Any CPU
		Release|Any CPU = Release|Any CPU
	EndGlobalSection
	GlobalSection(ProjectConfigurationPlatforms) = postSolution
		{D003B885-0962-4B2C-9E8C-C920D1B903E7}.Debug|Any CPU.ActiveCfg = Debug|Any CPU
		{D003B885-0962-4B2C-9E8C-C920D1B903E7}.Debug|Any CPU.Build.0 = Debug|Any CPU
		{D003B885-0962-4B2C-9E8C-C920D1B903E7}.Release|Any CPU.ActiveCfg = Release|Any CPU
		{D003B885-0962-4B2C-9E8C-C920D1B903E7}.Release|Any CPU.Build.0 = Release|Any CPU
	EndGlobalSection
	GlobalSection(SolutionProperties) = preSolution
		HideSolutionNode = FALSE
	EndGlobalSection
	GlobalSection(ExtensibilityGlobals) = postSolution
		SolutionGuid = {9C9D5D7E-614C-4A81-AB74-3FBF6060B885}
	EndGlobalSection
EndGlobal
